{
  "name": "virtual-test",
  "version": "1.0.0",
  "lockfileVersion": 2,
  "requires": true,
  "packages": {
    "": {
      "name": "virtual-test",
      "version": "1.0.0",
      "license": "ISC",
      "dependencies": {
        "agora-extension-ai-denoiser": "^1.1.0"
      }
    },
    "node_modules/agora-extension-ai-denoiser": {
      "version": "1.1.0",
      "resolved": "https://registry.npmjs.org/agora-extension-ai-denoiser/-/agora-extension-ai-denoiser-1.1.0.tgz",
      "integrity": "sha512-g4klzzz7IQblNt0c+gJ/DM7sa5oMZ/7GWE4c9aqs3snHRAo+CjDieT84iAc1KUhAiY84RrfhyFdtpvbbEoYBcA==",
      "peerDependencies": {
        "agora-rtc-sdk-ng": ">=4.15.0"
      }
    },
    "node_modules/agora-rtc-sdk-ng": {
      "version": "4.17.2",
      "resolved": "https://registry.npmjs.org/agora-rtc-sdk-ng/-/agora-rtc-sdk-ng-4.17.2.tgz",
      "integrity": "sha512-ErIHOYgf3R/ya3gVCCBKRw3RMdATmoM/8aUGOob4g0VHBBkVDEf9JT0RW2jQgtwm61jszWof+wo2duQDBgTfpw==",
      "peer": true,
      "dependencies": {
        "agora-rte-extension": "^1.2.3"
      }
    },
    "node_modules/agora-rte-extension": {
      "version": "1.2.3",
      "resolved": "https://registry.npmjs.org/agora-rte-extension/-/agora-rte-extension-1.2.3.tgz",
      "integrity": "sha512-k3yNrYVyzJRoQJjaJUktKUI1XRtf8J1XsW8OzYKFqGlS8WQRMsES1+Phj2rfuEriiLObfuyuCimG6KHQCt5tiw==",
      "peer": true
    }
  },
  "dependencies": {
    "agora-extension-ai-denoiser": {
      "version": "1.1.0",
      "resolved": "https://registry.npmjs.org/agora-extension-ai-denoiser/-/agora-extension-ai-denoiser-1.1.0.tgz",
      "integrity": "sha512-g4klzzz7IQblNt0c+gJ/DM7sa5oMZ/7GWE4c9aqs3snHRAo+CjDieT84iAc1KUhAiY84RrfhyFdtpvbbEoYBcA==",
      "requires": {}
    },
    "agora-rtc-sdk-ng": {
      "version": "4.17.2",
      "resolved": "https://registry.npmjs.org/agora-rtc-sdk-ng/-/agora-rtc-sdk-ng-4.17.2.tgz",
      "integrity": "sha512-ErIHOYgf3R/ya3gVCCBKRw3RMdATmoM/8aUGOob4g0VHBBkVDEf9JT0RW2jQgtwm61jszWof+wo2duQDBgTfpw==",
      "peer": true,
      "requires": {
        "agora-rte-extension": "^1.2.3"
      }
    },
    "agora-rte-extension": {
      "version": "1.2.3",
      "resolved": "https://registry.npmjs.org/agora-rte-extension/-/agora-rte-extension-1.2.3.tgz",
      "integrity": "sha512-k3yNrYVyzJRoQJjaJUktKUI1XRtf8J1XsW8OzYKFqGlS8WQRMsES1+Phj2rfuEriiLObfuyuCimG6KHQCt5tiw==",
      "peer": true
    }
  }
}
